// !$*UTF8*$!
{
	archiveVersion = 1;
	classes = {
	};
	objectVersion = 46;
	objects = {

/* Begin PBXBuildFile section */
		445F107E18EA8F8D00D0E444 /* Foundation.framework in Frameworks */ = {isa = PBXBuildFile; fileRef = 445F107D18EA8F8D00D0E444 /* Foundation.framework */; };
		445F108018EA8F8D00D0E444 /* CoreGraphics.framework in Frameworks */ = {isa = PBXBuildFile; fileRef = 445F107F18EA8F8D00D0E444 /* CoreGraphics.framework */; };
		445F108218EA8F8D00D0E444 /* UIKit.framework in Frameworks */ = {isa = PBXBuildFile; fileRef = 445F108118EA8F8D00D0E444 /* UIKit.framework */; };
		445F108818EA8F8D00D0E444 /* InfoPlist.strings in Resources */ = {isa = PBXBuildFile; fileRef = 445F108618EA8F8D00D0E444 /* InfoPlist.strings */; };
		445F108A18EA8F8D00D0E444 /* main.m in Sources */ = {isa = PBXBuildFile; fileRef = 445F108918EA8F8D00D0E444 /* main.m */; };
		445F108E18EA8F8D00D0E444 /* AppDelegate.m in Sources */ = {isa = PBXBuildFile; fileRef = 445F108D18EA8F8D00D0E444 /* AppDelegate.m */; };
		445F109018EA8F8D00D0E444 /* Images.xcassets in Resources */ = {isa = PBXBuildFile; fileRef = 445F108F18EA8F8D00D0E444 /* Images.xcassets */; };
		445F109718EA8F8E00D0E444 /* XCTest.framework in Frameworks */ = {isa = PBXBuildFile; fileRef = 445F109618EA8F8E00D0E444 /* XCTest.framework */; };
		445F109818EA8F8E00D0E444 /* Foundation.framework in Frameworks */ = {isa = PBXBuildFile; fileRef = 445F107D18EA8F8D00D0E444 /* Foundation.framework */; };
		445F109918EA8F8E00D0E444 /* UIKit.framework in Frameworks */ = {isa = PBXBuildFile; fileRef = 445F108118EA8F8D00D0E444 /* UIKit.framework */; };
		445F10A118EA8F8E00D0E444 /* InfoPlist.strings in Resources */ = {isa = PBXBuildFile; fileRef = 445F109F18EA8F8E00D0E444 /* InfoPlist.strings */; };
		445F10A318EA8F8E00D0E444 /* UINavigationControllerTests.m in Sources */ = {isa = PBXBuildFile; fileRef = 445F10A218EA8F8E00D0E444 /* UINavigationControllerTests.m */; };
		445F10AE18EA8FA600D0E444 /* RootViewController.m in Sources */ = {isa = PBXBuildFile; fileRef = 445F10AD18EA8FA600D0E444 /* RootViewController.m */; };
		445F10B118EA920F00D0E444 /* SecondViewController.m in Sources */ = {isa = PBXBuildFile; fileRef = 445F10B018EA920F00D0E444 /* SecondViewController.m */; };
/* End PBXBuildFile section */

/* Begin PBXContainerItemProxy section */
		445F109A18EA8F8E00D0E444 /* PBXContainerItemProxy */ = {
			isa = PBXContainerItemProxy;
			containerPortal = 445F107218EA8F8D00D0E444 /* Project object */;
			proxyType = 1;
			remoteGlobalIDString = 445F107918EA8F8D00D0E444;
			remoteInfo = UINavigationController;
		};
/* End PBXContainerItemProxy section */

/* Begin PBXFileReference section */
		445F107A18EA8F8D00D0E444 /* UINavigationController.app */ = {isa = PBXFileReference; explicitFileType = wrapper.application; includeInIndex = 0; path = UINavigationController.app; sourceTree = BUILT_PRODUCTS_DIR; };
		445F107D18EA8F8D00D0E444 /* Foundation.framework */ = {isa = PBXFileReference; lastKnownFileType = wrapper.framework; name = Foundation.framework; path = System/Library/Frameworks/Foundation.framework; sourceTree = SDKROOT; };
		445F107F18EA8F8D00D0E444 /* CoreGraphics.framework */ = {isa = PBXFileReference; lastKnownFileType = wrapper.framework; name = CoreGraphics.framework; path = System/Library/Frameworks/CoreGraphics.framework; sourceTree = SDKROOT; };
		445F108118EA8F8D00D0E444 /* UIKit.framework */ = {isa = PBXFileReference; lastKnownFileType = wrapper.framework; name = UIKit.framework; path = System/Library/Frameworks/UIKit.framework; sourceTree = SDKROOT; };
		445F108518EA8F8D00D0E444 /* UINavigationController-Info.plist */ = {isa = PBXFileReference; lastKnownFileType = text.plist.xml; path = "UINavigationController-Info.plist"; sourceTree = "<group>"; };
		445F108718EA8F8D00D0E444 /* en */ = {isa = PBXFileReference; lastKnownFileType = text.plist.strings; name = en; path = en.lproj/InfoPlist.strings; sourceTree = "<group>"; };
		445F108918EA8F8D00D0E444 /* main.m */ = {isa = PBXFileReference; lastKnownFileType = sourcecode.c.objc; path = main.m; sourceTree = "<group>"; };
		445F108B18EA8F8D00D0E444 /* UINavigationController-Prefix.pch */ = {isa = PBXFileReference; lastKnownFileType = sourcecode.c.h; path = "UINavigationController-Prefix.pch"; sourceTree = "<group>"; };
		445F108C18EA8F8D00D0E444 /* AppDelegate.h */ = {isa = PBXFileReference; lastKnownFileType = sourcecode.c.h; path = AppDelegate.h; sourceTree = "<group>"; };
		445F108D18EA8F8D00D0E444 /* AppDelegate.m */ = {isa = PBXFileReference; lastKnownFileType = sourcecode.c.objc; path = AppDelegate.m; sourceTree = "<group>"; };
		445F108F18EA8F8D00D0E444 /* Images.xcassets */ = {isa = PBXFileReference; lastKnownFileType = folder.assetcatalog; path = Images.xcassets; sourceTree = "<group>"; };
		445F109518EA8F8E00D0E444 /* UINavigationControllerTests.xctest */ = {isa = PBXFileReference; explicitFileType = wrapper.cfbundle; includeInIndex = 0; path = UINavigationControllerTests.xctest; sourceTree = BUILT_PRODUCTS_DIR; };
		445F109618EA8F8E00D0E444 /* XCTest.framework */ = {isa = PBXFileReference; lastKnownFileType = wrapper.framework; name = XCTest.framework; path = Library/Frameworks/XCTest.framework; sourceTree = DEVELOPER_DIR; };
		445F109E18EA8F8E00D0E444 /* UINavigationControllerTests-Info.plist */ = {isa = PBXFileReference; lastKnownFileType = text.plist.xml; path = "UINavigationControllerTests-Info.plist"; sourceTree = "<group>"; };
		445F10A018EA8F8E00D0E444 /* en */ = {isa = PBXFileReference; lastKnownFileType = text.plist.strings; name = en; path = en.lproj/InfoPlist.strings; sourceTree = "<group>"; };
		445F10A218EA8F8E00D0E444 /* UINavigationControllerTests.m */ = {isa = PBXFileReference; lastKnownFileType = sourcecode.c.objc; path = UINavigationControllerTests.m; sourceTree = "<group>"; };
		445F10AC18EA8FA600D0E444 /* RootViewController.h */ = {isa = PBXFileReference; fileEncoding = 4; lastKnownFileType = sourcecode.c.h; path = RootViewController.h; sourceTree = "<group>"; };
		445F10AD18EA8FA600D0E444 /* RootViewController.m */ = {isa = PBXFileReference; fileEncoding = 4; lastKnownFileType = sourcecode.c.objc; path = RootViewController.m; sourceTree = "<group>"; };
		445F10AF18EA920F00D0E444 /* SecondViewController.h */ = {isa = PBXFileReference; fileEncoding = 4; lastKnownFileType = sourcecode.c.h; path = SecondViewController.h; sourceTree = "<group>"; };
		445F10B018EA920F00D0E444 /* SecondViewController.m */ = {isa = PBXFileReference; fileEncoding = 4; lastKnownFileType = sourcecode.c.objc; path = SecondViewController.m; sourceTree = "<group>"; };
/* End PBXFileReference section */

/* Begin PBXFrameworksBuildPhase section */
		445F107718EA8F8D00D0E444 /* Frameworks */ = {
			isa = PBXFrameworksBuildPhase;
			buildActionMask = 2147483647;
			files = (
				445F108018EA8F8D00D0E444 /* CoreGraphics.framework in Frameworks */,
				445F108218EA8F8D00D0E444 /* UIKit.framework in Frameworks */,
				445F107E18EA8F8D00D0E444 /* Foundation.framework in Frameworks */,
			);
			runOnlyForDeploymentPostprocessing = 0;
		};
		445F109218EA8F8E00D0E444 /* Frameworks */ = {
			isa = PBXFrameworksBuildPhase;
			buildActionMask = 2147483647;
			files = (
				445F109718EA8F8E00D0E444 /* XCTest.framework in Frameworks */,
				445F109918EA8F8E00D0E444 /* UIKit.framework in Frameworks */,
				445F109818EA8F8E00D0E444 /* Foundation.framework in Frameworks */,
			);
			runOnlyForDeploymentPostprocessing = 0;
		};
/* End PBXFrameworksBuildPhase section */

/* Begin PBXGroup section */
		445F107118EA8F8D00D0E444 = {
			isa = PBXGroup;
			children = (
				445F108318EA8F8D00D0E444 /* UINavigationController */,
				445F109C18EA8F8E00D0E444 /* UINavigationControllerTests */,
				445F107C18EA8F8D00D0E444 /* Frameworks */,
				445F107B18EA8F8D00D0E444 /* Products */,
			);
			sourceTree = "<group>";
		};
		445F107B18EA8F8D00D0E444 /* Products */ = {
			isa = PBXGroup;
			children = (
				445F107A18EA8F8D00D0E444 /* UINavigationController.app */,
				445F109518EA8F8E00D0E444 /* UINavigationControllerTests.xctest */,
			);
			name = Products;
			sourceTree = "<group>";
		};
		445F107C18EA8F8D00D0E444 /* Frameworks */ = {
			isa = PBXGroup;
			children = (
				445F107D18EA8F8D00D0E444 /* Foundation.framework */,
				445F107F18EA8F8D00D0E444 /* CoreGraphics.framework */,
				445F108118EA8F8D00D0E444 /* UIKit.framework */,
				445F109618EA8F8E00D0E444 /* XCTest.framework */,
			);
			name = Frameworks;
			sourceTree = "<group>";
		};
		445F108318EA8F8D00D0E444 /* UINavigationController */ = {
			isa = PBXGroup;
			children = (
				445F108C18EA8F8D00D0E444 /* AppDelegate.h */,
				445F108D18EA8F8D00D0E444 /* AppDelegate.m */,
				445F108F18EA8F8D00D0E444 /* Images.xcassets */,
				445F108418EA8F8D00D0E444 /* Supporting Files */,
				445F10AC18EA8FA600D0E444 /* RootViewController.h */,
				445F10AD18EA8FA600D0E444 /* RootViewController.m */,
				445F10AF18EA920F00D0E444 /* SecondViewController.h */,
				445F10B018EA920F00D0E444 /* SecondViewController.m */,
			);
			path = UINavigationController;
			sourceTree = "<group>";
		};
		445F108418EA8F8D00D0E444 /* Supporting Files */ = {
			isa = PBXGroup;
			children = (
				445F108518EA8F8D00D0E444 /* UINavigationController-Info.plist */,
				445F108618EA8F8D00D0E444 /* InfoPlist.strings */,
				445F108918EA8F8D00D0E444 /* main.m */,
				445F108B18EA8F8D00D0E444 /* UINavigationController-Prefix.pch */,
			);
			name = "Supporting Files";
			sourceTree = "<group>";
		};
		445F109C18EA8F8E00D0E444 /* UINavigationControllerTests */ = {
			isa = PBXGroup;
			children = (
				445F10A218EA8F8E00D0E444 /* UINavigationControllerTests.m */,
				445F109D18EA8F8E00D0E444 /* Supporting Files */,
			);
			path = UINavigationControllerTests;
			sourceTree = "<group>";
		};
		445F109D18EA8F8E00D0E444 /* Supporting Files */ = {
			isa = PBXGroup;
			children = (
				445F109E18EA8F8E00D0E444 /* UINavigationControllerTests-Info.plist */,
				445F109F18EA8F8E00D0E444 /* InfoPlist.strings */,
			);
			name = "Supporting Files";
			sourceTree = "<group>";
		};
/* End PBXGroup section */

/* Begin PBXNativeTarget section */
		445F107918EA8F8D00D0E444 /* UINavigationController */ = {
			isa = PBXNativeTarget;
			buildConfigurationList = 445F10A618EA8F8E00D0E444 /* Build configuration list for PBXNativeTarget "UINavigationController" */;
			buildPhases = (
				445F107618EA8F8D00D0E444 /* Sources */,
				445F107718EA8F8D00D0E444 /* Frameworks */,
				445F107818EA8F8D00D0E444 /* Resources */,
			);
			buildRules = (
			);
			dependencies = (
			);
			name = UINavigationController;
			productName = UINavigationController;
			productReference = 445F107A18EA8F8D00D0E444 /* UINavigationController.app */;
			productType = "com.apple.product-type.application";
		};
		445F109418EA8F8E00D0E444 /* UINavigationControllerTests */ = {
			isa = PBXNativeTarget;
			buildConfigurationList = 445F10A918EA8F8E00D0E444 /* Build configuration list for PBXNativeTarget "UINavigationControllerTests" */;
			buildPhases = (
				445F109118EA8F8E00D0E444 /* Sources */,
				445F109218EA8F8E00D0E444 /* Frameworks */,
				445F109318EA8F8E00D0E444 /* Resources */,
			);
			buildRules = (
			);
			dependencies = (
				445F109B18EA8F8E00D0E444 /* PBXTargetDependency */,
			);
			name = UINavigationControllerTests;
			productName = UINavigationControllerTests;
			productReference = 445F109518EA8F8E00D0E444 /* UINavigationControllerTests.xctest */;
			productType = "com.apple.product-type.bundle.unit-test";
		};
/* End PBXNativeTarget section */

/* Begin PBXProject section */
		445F107218EA8F8D00D0E444 /* Project object */ = {
			isa = PBXProject;
			attributes = {
				LastUpgradeCheck = 0510;
				ORGANIZATIONNAME = Amy;
				TargetAttributes = {
					445F109418EA8F8E00D0E444 = {
						TestTargetID = 445F107918EA8F8D00D0E444;
					};
				};
			};
			buildConfigurationList = 445F107518EA8F8D00D0E444 /* Build configuration list for PBXProject "UINavigationController" */;
			compatibilityVersion = "Xcode 3.2";
			developmentRegion = English;
			hasScannedForEncodings = 0;
			knownRegions = (
				en,
			);
			mainGroup = 445F107118EA8F8D00D0E444;
			productRefGroup = 445F107B18EA8F8D00D0E444 /* Products */;
			projectDirPath = "";
			projectRoot = "";
			targets = (
				445F107918EA8F8D00D0E444 /* UINavigationController */,
				445F109418EA8F8E00D0E444 /* UINavigationControllerTests */,
			);
		};
/* End PBXProject section */

/* Begin PBXResourcesBuildPhase section */
		445F107818EA8F8D00D0E444 /* Resources */ = {
			isa = PBXResourcesBuildPhase;
			buildActionMask = 2147483647;
			files = (
				445F108818EA8F8D00D0E444 /* InfoPlist.strings in Resources */,
				445F109018EA8F8D00D0E444 /* Images.xcassets in Resources */,
			);
			runOnlyForDeploymentPostprocessing = 0;
		};
		445F109318EA8F8E00D0E444 /* Resources */ = {
			isa = PBXResourcesBuildPhase;
			buildActionMask = 2147483647;
			files = (
				445F10A118EA8F8E00D0E444 /* InfoPlist.strings in Resources */,
			);
			runOnlyForDeploymentPostprocessing = 0;
		};
/* End PBXResourcesBuildPhase section */

/* Begin PBXSourcesBuildPhase section */
		445F107618EA8F8D00D0E444 /* Sources */ = {
			isa = PBXSourcesBuildPhase;
			buildActionMask = 2147483647;
			files = (
				445F10B118EA920F00D0E444 /* SecondViewController.m in Sources */,
				445F108E18EA8F8D00D0E444 /* AppDelegate.m in Sources */,
				445F108A18EA8F8D00D0E444 /* main.m in Sources */,
				445F10AE18EA8FA600D0E444 /* RootViewController.m in Sources */,
			);
			runOnlyForDeploymentPostprocessing = 0;
		};
		445F109118EA8F8E00D0E444 /* Sources */ = {
			isa = PBXSourcesBuildPhase;
			buildActionMask = 2147483647;
			files = (
				445F10A318EA8F8E00D0E444 /* UINavigationControllerTests.m in Sources */,
			);
			runOnlyForDeploymentPostprocessing = 0;
		};
/* End PBXSourcesBuildPhase section */

/* Begin PBXTargetDependency section */
		445F109B18EA8F8E00D0E444 /* PBXTargetDependency */ = {
			isa = PBXTargetDependency;
			target = 445F107918EA8F8D00D0E444 /* UINavigationController */;
			targetProxy = 445F109A18EA8F8E00D0E444 /* PBXContainerItemProxy */;
		};
/* End PBXTargetDependency section */

/* Begin PBXVariantGroup section */
		445F108618EA8F8D00D0E444 /* InfoPlist.strings */ = {
			isa = PBXVariantGroup;
			children = (
				445F108718EA8F8D00D0E444 /* en */,
			);
			name = InfoPlist.strings;
			sourceTree = "<group>";
		};
		445F109F18EA8F8E00D0E444 /* InfoPlist.strings */ = {
			isa = PBXVariantGroup;
			children = (
				445F10A018EA8F8E00D0E444 /* en */,
			);
			name = InfoPlist.strings;
			sourceTree = "<group>";
		};
/* End PBXVariantGroup section */

/* Begin XCBuildConfiguration section */
		445F10A418EA8F8E00D0E444 /* Debug */ = {
			isa = XCBuildConfiguration;
			buildSettings = {
				ALWAYS_SEARCH_USER_PATHS = NO;
				CLANG_CXX_LANGUAGE_STANDARD = "gnu++0x";
				CLANG_CXX_LIBRARY = "libc++";
				CLANG_ENABLE_MODULES = YES;
				CLANG_ENABLE_OBJC_ARC = YES;
				CLANG_WARN_BOOL_CONVERSION = YES;
				CLANG_WARN_CONSTANT_CONVERSION = YES;
				CLANG_WARN_DIRECT_OBJC_ISA_USAGE = YES_ERROR;
				CLANG_WARN_EMPTY_BODY = YES;
				CLANG_WARN_ENUM_CONVERSION = YES;
				CLANG_WARN_INT_CONVERSION = YES;
				CLANG_WARN_OBJC_ROOT_CLASS = YES_ERROR;
				CLANG_WARN__DUPLICATE_METHOD_MATCH = YES;
				"CODE_SIGN_IDENTITY[sdk=iphoneos*]" = "iPhone Developer";
				COPY_PHASE_STRIP = NO;
				GCC_C_LANGUAGE_STANDARD = gnu99;
				GCC_DYNAMIC_NO_PIC = NO;
				GCC_OPTIMIZATION_LEVEL = 0;
				GCC_PREPROCESSOR_DEFINITIONS = (
					"DEBUG=1",
					"$(inherited)",
				);
				GCC_SYMBOLS_PRIVATE_EXTERN = NO;
				GCC_WARN_64_TO_32_BIT_CONVERSION = YES;
				GCC_WARN_ABOUT_RETURN_TYPE = YES_ERROR;
				GCC_WARN_UNDECLARED_SELECTOR = YES;
				GCC_WARN_UNINITIALIZED_AUTOS = YES_AGGRESSIVE;
				GCC_WARN_UNUSED_FUNCTION = YES;
				GCC_WARN_UNUSED_VARIABLE = YES;
				IPHONEOS_DEPLOYMENT_TARGET = 7.1;
				ONLY_ACTIVE_ARCH = YES;
				SDKROOT = iphoneos;
				TARGETED_DEVICE_FAMILY = "1,2";
			};
			name = Debug;
		};
		445F10A518EA8F8E00D0E444 /* Release */ = {
			isa = XCBuildConfiguration;
			buildSettings = {
				ALWAYS_SEARCH_USER_PATHS = NO;
				CLANG_CXX_LANGUAGE_STANDARD = "gnu++0x";
				CLANG_CXX_LIBRARY = "libc++";
				CLANG_ENABLE_MODULES = YES;
				CLANG_ENABLE_OBJC_ARC = YES;
				CLANG_WARN_BOOL_CONVERSION = YES;
				CLANG_WARN_CONSTANT_CONVERSION = YES;
				CLANG_WARN_DIRECT_OBJC_ISA_USAGE = YES_ERROR;
				CLANG_WARN_EMPTY_BODY = YES;
				CLANG_WARN_ENUM_CONVERSION = YES;
				CLANG_WARN_INT_CONVERSION = YES;
				CLANG_WARN_OBJC_ROOT_CLASS = YES_ERROR;
				CLANG_WARN__DUPLICATE_METHOD_MATCH = YES;
				"CODE_SIGN_IDENTITY[sdk=iphoneos*]" = "iPhone Developer";
				COPY_PHASE_STRIP = YES;
				ENABLE_NS_ASSERTIONS = NO;
				GCC_C_LANGUAGE_STANDARD = gnu99;
				GCC_WARN_64_TO_32_BIT_CONVERSION = YES;
				GCC_WARN_ABOUT_RETURN_TYPE = YES_ERROR;
				GCC_WARN_UNDECLARED_SELECTOR = YES;
				GCC_WARN_UNINITIALIZED_AUTOS = YES_AGGRESSIVE;
				GCC_WARN_UNUSED_FUNCTION = YES;
				GCC_WARN_UNUSED_VARIABLE = YES;
				IPHONEOS_DEPLOYMENT_TARGET = 7.1;
				SDKROOT = iphoneos;
				TARGETED_DEVICE_FAMILY = "1,2";
				VALIDATE_PRODUCT = YES;
			};
			name = Release;
		};
		445F10A718EA8F8E00D0E444 /* Debug */ = {
			isa = XCBuildConfiguration;
			buildSettings = {
				ASSETCATALOG_COMPILER_APPICON_NAME = AppIcon;
				ASSETCATALOG_COMPILER_LAUNCHIMAGE_NAME = LaunchImage;
				GCC_PRECOMPILE_PREFIX_HEADER = YES;
				GCC_PREFIX_HEADER = "UINavigationController/UINavigationController-Prefix.pch";
				INFOPLIST_FILE = "UINavigationController/UINavigationController-Info.plist";
				PRODUCT_NAME = "$(TARGET_NAME)";
				WRAPPER_EXTENSION = app;
			};
			name = Debug;
		};
		445F10A818EA8F8E00D0E444 /* Release */ = {
			isa = XCBuildConfiguration;
			buildSettings = {
				ASSETCATALOG_COMPILER_APPICON_NAME = AppIcon;
				ASSETCATALOG_COMPILER_LAUNCHIMAGE_NAME = LaunchImage;
				GCC_PRECOMPILE_PREFIX_HEADER = YES;
				GCC_PREFIX_HEADER = "UINavigationController/UINavigationController-Prefix.pch";
				INFOPLIST_FILE = "UINavigationController/UINavigationController-Info.plist";
				PRODUCT_NAME = "$(TARGET_NAME)";
				WRAPPER_EXTENSION = app;
			};
			name = Release;
		};
		445F10AA18EA8F8E00D0E444 /* Debug */ = {
			isa = XCBuildConfiguration;
			buildSettings = {
				BUNDLE_LOADER = "$(BUILT_PRODUCTS_DIR)/UINavigationController.app/UINavigationController";
				FRAMEWORK_SEARCH_PATHS = (
					"$(SDKROOT)/Developer/Library/Frameworks",
					"$(inherited)",
					"$(DEVELOPER_FRAMEWORKS_DIR)",
				);
				GCC_PRECOMPILE_PREFIX_HEADER = YES;
				GCC_PREFIX_HEADER = "UINavigationController/UINavigationController-Prefix.pch";
				GCC_PREPROCESSOR_DEFINITIONS = (
					"DEBUG=1",
					"$(inherited)",
				);
				INFOPLIST_FILE = "UINavigationControllerTests/UINavigationControllerTests-Info.plist";
				PRODUCT_NAME = "$(TARGET_NAME)";
				TEST_HOST = "$(BUNDLE_LOADER)";
				WRAPPER_EXTENSION = xctest;
			};
			name = Debug;
		};
		445F10AB18EA8F8E00D0E444 /* Release */ = {
			isa = XCBuildConfiguration;
			buildSettings = {
				BUNDLE_LOADER = "$(BUILT_PRODUCTS_DIR)/UINavigationController.app/UINavigationController";
				FRAMEWORK_SEARCH_PATHS = (
					"$(SDKROOT)/Developer/Library/Frameworks",
					"$(inherited)",
					"$(DEVELOPER_FRAMEWORKS_DIR)",
				);
				GCC_PRECOMPILE_PREFIX_HEADER = YES;
				GCC_PREFIX_HEADER = "UINavigationController/UINavigationController-Prefix.pch";
				INFOPLIST_FILE = "UINavigationControllerTests/UINavigationControllerTests-Info.plist";
				PRODUCT_NAME = "$(TARGET_NAME)";
				TEST_HOST = "$(BUNDLE_LOADER)";
				WRAPPER_EXTENSION = xctest;
			};
			name = Release;
		};
/* End XCBuildConfiguration section */

/* Begin XCConfigurationList section */
		445F107518EA8F8D00D0E444 /* Build configuration list for PBXProject "UINavigationController" */ = {
			isa = XCConfigurationList;
			buildConfigurations = (
				445F10A418EA8F8E00D0E444 /* Debug */,
				445F10A518EA8F8E00D0E444 /* Release */,
			);
			defaultConfigurationIsVisible = 0;
			defaultConfigurationName = Release;
		};
		445F10A618EA8F8E00D0E444 /* Build configuration list for PBXNativeTarget "UINavigationController" */ = {
			isa = XCConfigurationList;
			buildConfigurations = (
				445F10A718EA8F8E00D0E444 /* Debug */,
				445F10A818EA8F8E00D0E444 /* Release */,
			);
			defaultConfigurationIsVisible = 0;
		};
		445F10A918EA8F8E00D0E444 /* Build configuration list for PBXNativeTarget "UINavigationControllerTests" */ = {
			isa = XCConfigurationList;
			buildConfigurations = (
				445F10AA18EA8F8E00D0E444 /* Debug */,
				445F10AB18EA8F8E00D0E444 /* Release */,
			);
			defaultConfigurationIsVisible = 0;
		};
/* End XCConfigurationList section */
	};
	rootObject = 445F107218EA8F8D00D0E444 /* Project object */;
}
